github.com/fsnotify/fsnotify v1.4.9 h1:hsms1Qyu0jgnwNXIxa+/V/PDsU6CfLf6CNO8H7IWoS4=
github.com/fsnotify/fsnotify v1.4.9/go.mod h1:znqG4EE+3YCdAaPaxE2ZRY/06pZUdp0tY4IgpuI1SZQ=
github.com/golangee/log v0.0.0-20201214095632-610ba2dec6e5 h1:UYE411gQQIorUoIvp9BqFIBCxTwnFUa6XBjN0kjwiqY=
github.com/golangee/log v0.0.0-20201214095632-610ba2dec6e5/go.mod h1:dUiMZFHdnlIsi6KOyAj+5jT+THo32aFtAoFMTRBlwuo=
github.com/julienschmidt/httprouter v1.3.0 h1:U0609e9tgbseu3rBINet9P48AI/D3oJs4dN7jwJOQ1U=
github.com/julienschmidt/httprouter v1.3.0/go.mod h1:JR6WtHb+2LUe8TCKY3cZOxFyyO8IZAc4RVcycCCAKdM=
golang.org/x/sys v0.0.0-20191005200804-aed5e4c7ecf9 h1:L2auWcuQIvxz9xSEqzESnV/QN/gNRXNApHi3fYwl2w0=
golang.org/x/sys v0.0.0-20191005200804-aed5e4c7ecf9/go.mod h1:h1NjWce9XRLGQEsW7wpKNCjG9DtNlClVuFLEZdDNbEs=
gopkg.in/dutchcoders/goftp.v1 v1.0.0-20170301105846-ed59a591ce14 h1:tHqNpm9sPaE6BSuMLXBzgTwukQLdBEt4OYU2coQjEQQ=
gopkg.in/dutchcoders/goftp.v1 v1.0.0-20170301105846-ed59a591ce14/go.mod h1:nzmlZQ+UqB5+55CRTV/dOaiK8OrPl6Co96Ob8lH4Wxw=
